// !$*UTF8*$!
{
	archiveVersion = 1;
	classes = {
	};
	objectVersion = 50;
	objects = {

/* Begin PBXBuildFile section */
		033CAADB7881AE09BB374259 /* libPods-Pwny.a in Frameworks */ = {isa = PBXBuildFile; fileRef = 3D0D35C4143955738DCD3780 /* libPods-Pwny.a */; };
		311B14DE25B94E8D005AA457 /* RimmedRectButton.swift in Sources */ = {isa = PBXBuildFile; fileRef = 311B14DD25B94E8D005AA457 /* RimmedRectButton.swift */; };
		311B14E425B97A56005AA457 /* Breach.swift in Sources */ = {isa = PBXBuildFile; fileRef = 311B14E325B97A56005AA457 /* Breach.swift */; };
		311B14E725B97B43005AA457 /* BreachCache.swift in Sources */ = {isa = PBXBuildFile; fileRef = 311B14E625B97B43005AA457 /* BreachCache.swift */; };
		311B14EA25B97C63005AA457 /* FoundBreachesView.swift in Sources */ = {isa = PBXBuildFile; fileRef = 311B14E925B97C63005AA457 /* FoundBreachesView.swift */; };
		311B14ED25B98150005AA457 /* BreachCard.swift in Sources */ = {isa = PBXBuildFile; fileRef = 311B14EC25B98150005AA457 /* BreachCard.swift */; };
		311B14F025B98E2E005AA457 /* ImageCache.swift in Sources */ = {isa = PBXBuildFile; fileRef = 311B14EF25B98E2E005AA457 /* ImageCache.swift */; };
		311B14F325B993E4005AA457 /* ImageLoader.swift in Sources */ = {isa = PBXBuildFile; fileRef = 311B14F225B993E4005AA457 /* ImageLoader.swift */; };
		311B14F625B9946F005AA457 /* URLImage.swift in Sources */ = {isa = PBXBuildFile; fileRef = 311B14F525B9946E005AA457 /* URLImage.swift */; };
		317989B425B9470B003894E0 /* PwnyApp.swift in Sources */ = {isa = PBXBuildFile; fileRef = 317989B325B9470B003894E0 /* PwnyApp.swift */; };
		317989B825B94712003894E0 /* Assets.xcassets in Resources */ = {isa = PBXBuildFile; fileRef = 317989B725B94712003894E0 /* Assets.xcassets */; };
		317989BB25B94712003894E0 /* Preview Assets.xcassets in Resources */ = {isa = PBXBuildFile; fileRef = 317989BA25B94712003894E0 /* Preview Assets.xcassets */; };
		317989C025B94712003894E0 /* Pwny.xcdatamodeld in Sources */ = {isa = PBXBuildFile; fileRef = 317989BE25B94712003894E0 /* Pwny.xcdatamodeld */; };
		317989C925B94748003894E0 /* HomeView.swift in Sources */ = {isa = PBXBuildFile; fileRef = 317989C825B94748003894E0 /* HomeView.swift */; };
		317989CC25B947F2003894E0 /* AccountHackView.swift in Sources */ = {isa = PBXBuildFile; fileRef = 317989CB25B947F2003894E0 /* AccountHackView.swift */; };
		317989CF25B947FD003894E0 /* PasswordHackView.swift in Sources */ = {isa = PBXBuildFile; fileRef = 317989CE25B947FD003894E0 /* PasswordHackView.swift */; };
		31AA370625B99E08001078EE /* AllBreachesView.swift in Sources */ = {isa = PBXBuildFile; fileRef = 31AA370525B99E07001078EE /* AllBreachesView.swift */; };
		31AA370A25B9A264001078EE /* BreachView.swift in Sources */ = {isa = PBXBuildFile; fileRef = 31AA370925B9A264001078EE /* BreachView.swift */; };
		31AA373525B9BD47001078EE /* AttributedLabelWrapper.swift in Sources */ = {isa = PBXBuildFile; fileRef = 31AA373425B9BD47001078EE /* AttributedLabelWrapper.swift */; };
		31AA373B25B9C455001078EE /* BackgroundBlurView.swift in Sources */ = {isa = PBXBuildFile; fileRef = 31AA373A25B9C455001078EE /* BackgroundBlurView.swift */; };
		31AA373D25B9CF17001078EE /* PassHashResult.swift in Sources */ = {isa = PBXBuildFile; fileRef = 31AA373C25B9CF17001078EE /* PassHashResult.swift */; };
		31AA373F25B9E1F1001078EE /* Paste.swift in Sources */ = {isa = PBXBuildFile; fileRef = 31AA373E25B9E1F1001078EE /* Paste.swift */; };
		31AA375425B9E265001078EE /* Utils.swift in Sources */ = {isa = PBXBuildFile; fileRef = 31AA375325B9E265001078EE /* Utils.swift */; };
		31AA375625B9EA57001078EE /* PasteCache.swift in Sources */ = {isa = PBXBuildFile; fileRef = 31AA375525B9EA57001078EE /* PasteCache.swift */; };
		31AA375825B9EE19001078EE /* PasteCard.swift in Sources */ = {isa = PBXBuildFile; fileRef = 31AA375725B9EE19001078EE /* PasteCard.swift */; };
		31AA375A25B9F104001078EE /* FoundPastesView.swift in Sources */ = {isa = PBXBuildFile; fileRef = 31AA375925B9F104001078EE /* FoundPastesView.swift */; };
		31AA375C25BA0B8D001078EE /* ExplainerView.swift in Sources */ = {isa = PBXBuildFile; fileRef = 31AA375B25BA0B8D001078EE /* ExplainerView.swift */; };
		31AA375E25BA0FE7001078EE /* PillButton.swift in Sources */ = {isa = PBXBuildFile; fileRef = 31AA375D25BA0FE7001078EE /* PillButton.swift */; };
		31AA376025BA1580001078EE /* InfoCard.swift in Sources */ = {isa = PBXBuildFile; fileRef = 31AA375F25BA1580001078EE /* InfoCard.swift */; };
		31AA376225BA1C79001078EE /* PasswordResultView.swift in Sources */ = {isa = PBXBuildFile; fileRef = 31AA376125BA1C79001078EE /* PasswordResultView.swift */; };
		31AA376425BA2299001078EE /* NetworkErrorView.swift in Sources */ = {isa = PBXBuildFile; fileRef = 31AA376325BA2299001078EE /* NetworkErrorView.swift */; };
		31AA376D25BA3D8D001078EE /* APIKEY.swift in Sources */ = {isa = PBXBuildFile; fileRef = 31AA376C25BA3D8D001078EE /* APIKEY.swift */; };
		31AA377B25BA4244001078EE /* HIBPQueryManager.swift in Sources */ = {isa = PBXBuildFile; fileRef = 31AA377A25BA4244001078EE /* HIBPQueryManager.swift */; };
		31AA378125BAAB54001078EE /* HIBPAttributionView.swift in Sources */ = {isa = PBXBuildFile; fileRef = 31AA378025BAAB54001078EE /* HIBPAttributionView.swift */; };
/* End PBXBuildFile section */

/* Begin PBXContainerItemProxy section */
		31AA371F25B9BC76001078EE /* PBXContainerItemProxy */ = {
			isa = PBXContainerItemProxy;
			containerPortal = 31AA371425B9BC76001078EE /* Atributika.xcodeproj */;
			proxyType = 2;
			remoteGlobalIDString = 52D6D97C1BEFF229002C0205;
			remoteInfo = "Atributika-iOS";
		};
		31AA372125B9BC76001078EE /* PBXContainerItemProxy */ = {
			isa = PBXContainerItemProxy;
			containerPortal = 31AA371425B9BC76001078EE /* Atributika.xcodeproj */;
			proxyType = 2;
			remoteGlobalIDString = 52D6DA0F1BF000BD002C0205;
			remoteInfo = "Atributika-macOS";
		};
		31AA372325B9BC76001078EE /* PBXContainerItemProxy */ = {
			isa = PBXContainerItemProxy;
			containerPortal = 31AA371425B9BC76001078EE /* Atributika.xcodeproj */;
			proxyType = 2;
			remoteGlobalIDString = 52D6D9E21BEFFF6E002C0205;
			remoteInfo = "Atributika-watchOS";
		};
		31AA372525B9BC76001078EE /* PBXContainerItemProxy */ = {
			isa = PBXContainerItemProxy;
			containerPortal = 31AA371425B9BC76001078EE /* Atributika.xcodeproj */;
			proxyType = 2;
			remoteGlobalIDString = 52D6D9F01BEFFFBE002C0205;
			remoteInfo = "Atributika-tvOS";
		};
		31AA372725B9BC76001078EE /* PBXContainerItemProxy */ = {
			isa = PBXContainerItemProxy;
			containerPortal = 31AA371425B9BC76001078EE /* Atributika.xcodeproj */;
			proxyType = 2;
			remoteGlobalIDString = 52D6D9861BEFF229002C0205;
			remoteInfo = "Atributika-iOS Tests";
		};
		31AA372925B9BC76001078EE /* PBXContainerItemProxy */ = {
			isa = PBXContainerItemProxy;
			containerPortal = 31AA371425B9BC76001078EE /* Atributika.xcodeproj */;
			proxyType = 2;
			remoteGlobalIDString = DD75027A1C68FCFC006590AF;
			remoteInfo = "Atributika-macOS Tests";
		};
		31AA372B25B9BC76001078EE /* PBXContainerItemProxy */ = {
			isa = PBXContainerItemProxy;
			containerPortal = 31AA371425B9BC76001078EE /* Atributika.xcodeproj */;
			proxyType = 2;
			remoteGlobalIDString = DD75028D1C690C7A006590AF;
			remoteInfo = "Atributika-tvOS Tests";
		};
		31AA372D25B9BC76001078EE /* PBXContainerItemProxy */ = {
			isa = PBXContainerItemProxy;
			containerPortal = 31AA371425B9BC76001078EE /* Atributika.xcodeproj */;
			proxyType = 2;
			remoteGlobalIDString = 1B2F838D1E5C98A4009AFBCA;
			remoteInfo = Demo;
		};
/* End PBXContainerItemProxy section */

/* Begin PBXFileReference section */
		311B14DD25B94E8D005AA457 /* RimmedRectButton.swift */ = {isa = PBXFileReference; lastKnownFileType = sourcecode.swift; path = RimmedRectButton.swift; sourceTree = "<group>"; };
		311B14E325B97A56005AA457 /* Breach.swift */ = {isa = PBXFileReference; lastKnownFileType = sourcecode.swift; path = Breach.swift; sourceTree = "<group>"; };
		311B14E625B97B43005AA457 /* BreachCache.swift */ = {isa = PBXFileReference; lastKnownFileType = sourcecode.swift; path = BreachCache.swift; sourceTree = "<group>"; };
		311B14E925B97C63005AA457 /* FoundBreachesView.swift */ = {isa = PBXFileReference; lastKnownFileType = sourcecode.swift; path = FoundBreachesView.swift; sourceTree = "<group>"; };
		311B14EC25B98150005AA457 /* BreachCard.swift */ = {isa = PBXFileReference; lastKnownFileType = sourcecode.swift; path = BreachCard.swift; sourceTree = "<group>"; };
		311B14EF25B98E2E005AA457 /* ImageCache.swift */ = {isa = PBXFileReference; lastKnownFileType = sourcecode.swift; path = ImageCache.swift; sourceTree = "<group>"; };
		311B14F225B993E4005AA457 /* ImageLoader.swift */ = {isa = PBXFileReference; lastKnownFileType = sourcecode.swift; path = ImageLoader.swift; sourceTree = "<group>"; };
		311B14F525B9946E005AA457 /* URLImage.swift */ = {isa = PBXFileReference; lastKnownFileType = sourcecode.swift; path = URLImage.swift; sourceTree = "<group>"; };
		317989B025B9470B003894E0 /* Pwny.app */ = {isa = PBXFileReference; explicitFileType = wrapper.application; includeInIndex = 0; path = Pwny.app; sourceTree = BUILT_PRODUCTS_DIR; };
		317989B325B9470B003894E0 /* PwnyApp.swift */ = {isa = PBXFileReference; lastKnownFileType = sourcecode.swift; path = PwnyApp.swift; sourceTree = "<group>"; };
		317989B725B94712003894E0 /* Assets.xcassets */ = {isa = PBXFileReference; lastKnownFileType = folder.assetcatalog; path = Assets.xcassets; sourceTree = "<group>"; };
		317989BA25B94712003894E0 /* Preview Assets.xcassets */ = {isa = PBXFileReference; lastKnownFileType = folder.assetcatalog; path = "Preview Assets.xcassets"; sourceTree = "<group>"; };
		317989BF25B94712003894E0 /* Pwny.xcdatamodel */ = {isa = PBXFileReference; lastKnownFileType = wrapper.xcdatamodel; path = Pwny.xcdatamodel; sourceTree = "<group>"; };
		317989C125B94712003894E0 /* Info.plist */ = {isa = PBXFileReference; lastKnownFileType = text.plist.xml; path = Info.plist; sourceTree = "<group>"; };
		317989C825B94748003894E0 /* HomeView.swift */ = {isa = PBXFileReference; lastKnownFileType = sourcecode.swift; path = HomeView.swift; sourceTree = "<group>"; };
		317989CB25B947F2003894E0 /* AccountHackView.swift */ = {isa = PBXFileReference; lastKnownFileType = sourcecode.swift; path = AccountHackView.swift; sourceTree = "<group>"; };
		317989CE25B947FD003894E0 /* PasswordHackView.swift */ = {isa = PBXFileReference; lastKnownFileType = sourcecode.swift; path = PasswordHackView.swift; sourceTree = "<group>"; };
		31AA370525B99E07001078EE /* AllBreachesView.swift */ = {isa = PBXFileReference; lastKnownFileType = sourcecode.swift; path = AllBreachesView.swift; sourceTree = "<group>"; };
		31AA370925B9A264001078EE /* BreachView.swift */ = {isa = PBXFileReference; lastKnownFileType = sourcecode.swift; path = BreachView.swift; sourceTree = "<group>"; };
		31AA371425B9BC76001078EE /* Atributika.xcodeproj */ = {isa = PBXFileReference; lastKnownFileType = "wrapper.pb-project"; name = Atributika.xcodeproj; path = Atributika/Atributika.xcodeproj; sourceTree = SOURCE_ROOT; };
		31AA373425B9BD47001078EE /* AttributedLabelWrapper.swift */ = {isa = PBXFileReference; lastKnownFileType = sourcecode.swift; path = AttributedLabelWrapper.swift; sourceTree = "<group>"; };
		31AA373A25B9C455001078EE /* BackgroundBlurView.swift */ = {isa = PBXFileReference; lastKnownFileType = sourcecode.swift; path = BackgroundBlurView.swift; sourceTree = "<group>"; };
		31AA373C25B9CF17001078EE /* PassHashResult.swift */ = {isa = PBXFileReference; lastKnownFileType = sourcecode.swift; path = PassHashResult.swift; sourceTree = "<group>"; };
		31AA373E25B9E1F1001078EE /* Paste.swift */ = {isa = PBXFileReference; lastKnownFileType = sourcecode.swift; path = Paste.swift; sourceTree = "<group>"; };
		31AA375325B9E265001078EE /* Utils.swift */ = {isa = PBXFileReference; lastKnownFileType = sourcecode.swift; path = Utils.swift; sourceTree = "<group>"; };
		31AA375525B9EA57001078EE /* PasteCache.swift */ = {isa = PBXFileReference; lastKnownFileType = sourcecode.swift; path = PasteCache.swift; sourceTree = "<group>"; };
		31AA375725B9EE19001078EE /* PasteCard.swift */ = {isa = PBXFileReference; lastKnownFileType = sourcecode.swift; path = PasteCard.swift; sourceTree = "<group>"; };
		31AA375925B9F104001078EE /* FoundPastesView.swift */ = {isa = PBXFileReference; lastKnownFileType = sourcecode.swift; path = FoundPastesView.swift; sourceTree = "<group>"; };
		31AA375B25BA0B8D001078EE /* ExplainerView.swift */ = {isa = PBXFileReference; lastKnownFileType = sourcecode.swift; path = ExplainerView.swift; sourceTree = "<group>"; };
		31AA375D25BA0FE7001078EE /* PillButton.swift */ = {isa = PBXFileReference; lastKnownFileType = sourcecode.swift; path = PillButton.swift; sourceTree = "<group>"; };
		31AA375F25BA1580001078EE /* InfoCard.swift */ = {isa = PBXFileReference; lastKnownFileType = sourcecode.swift; path = InfoCard.swift; sourceTree = "<group>"; };
		31AA376125BA1C79001078EE /* PasswordResultView.swift */ = {isa = PBXFileReference; lastKnownFileType = sourcecode.swift; path = PasswordResultView.swift; sourceTree = "<group>"; };
		31AA376325BA2299001078EE /* NetworkErrorView.swift */ = {isa = PBXFileReference; lastKnownFileType = sourcecode.swift; path = NetworkErrorView.swift; sourceTree = "<group>"; };
		31AA376C25BA3D8D001078EE /* APIKEY.swift */ = {isa = PBXFileReference; lastKnownFileType = sourcecode.swift; path = APIKEY.swift; sourceTree = "<group>"; };
		31AA377A25BA4244001078EE /* HIBPQueryManager.swift */ = {isa = PBXFileReference; lastKnownFileType = sourcecode.swift; path = HIBPQueryManager.swift; sourceTree = "<group>"; };
		31AA378025BAAB54001078EE /* HIBPAttributionView.swift */ = {isa = PBXFileReference; lastKnownFileType = sourcecode.swift; path = HIBPAttributionView.swift; sourceTree = "<group>"; };
		3D0D35C4143955738DCD3780 /* libPods-Pwny.a */ = {isa = PBXFileReference; explicitFileType = archive.ar; includeInIndex = 0; path = "libPods-Pwny.a"; sourceTree = BUILT_PRODUCTS_DIR; };
		71835F1FD677B3795D9F52C1 /* Pods-Pwny.release.xcconfig */ = {isa = PBXFileReference; includeInIndex = 1; lastKnownFileType = text.xcconfig; name = "Pods-Pwny.release.xcconfig"; path = "Target Support Files/Pods-Pwny/Pods-Pwny.release.xcconfig"; sourceTree = "<group>"; };
		F361E52F28192FF7F1D0EF06 /* Pods-Pwny.debug.xcconfig */ = {isa = PBXFileReference; includeInIndex = 1; lastKnownFileType = text.xcconfig; name = "Pods-Pwny.debug.xcconfig"; path = "Target Support Files/Pods-Pwny/Pods-Pwny.debug.xcconfig"; sourceTree = "<group>"; };
/* End PBXFileReference section */

/* Begin PBXFrameworksBuildPhase section */
		317989AD25B9470B003894E0 /* Frameworks */ = {
			isa = PBXFrameworksBuildPhase;
			buildActionMask = 2147483647;
			files = (
				033CAADB7881AE09BB374259 /* libPods-Pwny.a in Frameworks */,
			);
			runOnlyForDeploymentPostprocessing = 0;
		};
/* End PBXFrameworksBuildPhase section */

/* Begin PBXGroup section */
		317989A725B9470B003894E0 = {
			isa = PBXGroup;
			children = (
				317989B225B9470B003894E0 /* Pwny */,
				317989B125B9470B003894E0 /* Products */,
				31AA373025B9BCA6001078EE /* Frameworks */,
				373527D36569560CF52E0DB3 /* Pods */,
			);
			sourceTree = "<group>";
		};
		317989B125B9470B003894E0 /* Products */ = {
			isa = PBXGroup;
			children = (
				317989B025B9470B003894E0 /* Pwny.app */,
			);
			name = Products;
			sourceTree = "<group>";
		};
		317989B225B9470B003894E0 /* Pwny */ = {
			isa = PBXGroup;
			children = (
				317989B325B9470B003894E0 /* PwnyApp.swift */,
				311B14DD25B94E8D005AA457 /* RimmedRectButton.swift */,
				31AA375B25BA0B8D001078EE /* ExplainerView.swift */,
				31AA375F25BA1580001078EE /* InfoCard.swift */,
				317989C825B94748003894E0 /* HomeView.swift */,
				31AA378025BAAB54001078EE /* HIBPAttributionView.swift */,
				31AA375D25BA0FE7001078EE /* PillButton.swift */,
				317989CB25B947F2003894E0 /* AccountHackView.swift */,
				31AA373E25B9E1F1001078EE /* Paste.swift */,
				317989CE25B947FD003894E0 /* PasswordHackView.swift */,
				31AA376C25BA3D8D001078EE /* APIKEY.swift */,
				311B14E925B97C63005AA457 /* FoundBreachesView.swift */,
				31AA375925B9F104001078EE /* FoundPastesView.swift */,
				31AA370525B99E07001078EE /* AllBreachesView.swift */,
				311B14EC25B98150005AA457 /* BreachCard.swift */,
				31AA375725B9EE19001078EE /* PasteCard.swift */,
				311B14E325B97A56005AA457 /* Breach.swift */,
				31AA375325B9E265001078EE /* Utils.swift */,
				31AA373C25B9CF17001078EE /* PassHashResult.swift */,
				31AA370925B9A264001078EE /* BreachView.swift */,
				31AA376125BA1C79001078EE /* PasswordResultView.swift */,
				31AA376325BA2299001078EE /* NetworkErrorView.swift */,
				31AA373A25B9C455001078EE /* BackgroundBlurView.swift */,
				31AA373425B9BD47001078EE /* AttributedLabelWrapper.swift */,
				311B14E625B97B43005AA457 /* BreachCache.swift */,
				31AA375525B9EA57001078EE /* PasteCache.swift */,
				311B14EF25B98E2E005AA457 /* ImageCache.swift */,
				311B14F225B993E4005AA457 /* ImageLoader.swift */,
				311B14F525B9946E005AA457 /* URLImage.swift */,
				31AA377A25BA4244001078EE /* HIBPQueryManager.swift */,
				317989B725B94712003894E0 /* Assets.xcassets */,
				317989C125B94712003894E0 /* Info.plist */,
				317989BE25B94712003894E0 /* Pwny.xcdatamodeld */,
				317989B925B94712003894E0 /* Preview Content */,
			);
			path = Pwny;
			sourceTree = "<group>";
		};
		317989B925B94712003894E0 /* Preview Content */ = {
			isa = PBXGroup;
			children = (
				31AA371425B9BC76001078EE /* Atributika.xcodeproj */,
				317989BA25B94712003894E0 /* Preview Assets.xcassets */,
			);
			path = "Preview Content";
			sourceTree = "<group>";
		};
		31AA371525B9BC76001078EE /* Products */ = {
			isa = PBXGroup;
			children = (
				31AA372025B9BC76001078EE /* Atributika.framework */,
				31AA372225B9BC76001078EE /* Atributika.framework */,
				31AA372425B9BC76001078EE /* Atributika.framework */,
				31AA372625B9BC76001078EE /* Atributika.framework */,
				31AA372825B9BC76001078EE /* Atributika-iOS Tests.xctest */,
				31AA372A25B9BC76001078EE /* Atributika-macOS Tests.xctest */,
				31AA372C25B9BC76001078EE /* Atributika-tvOS Tests.xctest */,
				31AA372E25B9BC76001078EE /* Demo.app */,
			);
			name = Products;
			sourceTree = "<group>";
		};
		31AA373025B9BCA6001078EE /* Frameworks */ = {
			isa = PBXGroup;
			children = (
				3D0D35C4143955738DCD3780 /* libPods-Pwny.a */,
			);
			name = Frameworks;
			sourceTree = "<group>";
		};
		373527D36569560CF52E0DB3 /* Pods */ = {
			isa = PBXGroup;
			children = (
				F361E52F28192FF7F1D0EF06 /* Pods-Pwny.debug.xcconfig */,
				71835F1FD677B3795D9F52C1 /* Pods-Pwny.release.xcconfig */,
			);
			path = Pods;
			sourceTree = "<group>";
		};
/* End PBXGroup section */

/* Begin PBXNativeTarget section */
		317989AF25B9470B003894E0 /* Pwny */ = {
			isa = PBXNativeTarget;
			buildConfigurationList = 317989C425B94712003894E0 /* Build configuration list for PBXNativeTarget "Pwny" */;
			buildPhases = (
				8213F64FF2D335B4F18C5014 /* [CP] Check Pods Manifest.lock */,
				317989AC25B9470B003894E0 /* Sources */,
				317989AD25B9470B003894E0 /* Frameworks */,
				317989AE25B9470B003894E0 /* Resources */,
			);
			buildRules = (
			);
			dependencies = (
			);
			name = Pwny;
			productName = Pwny;
			productReference = 317989B025B9470B003894E0 /* Pwny.app */;
			productType = "com.apple.product-type.application";
		};
/* End PBXNativeTarget section */

/* Begin PBXProject section */
		317989A825B9470B003894E0 /* Project object */ = {
			isa = PBXProject;
			attributes = {
				LastSwiftUpdateCheck = 1230;
				LastUpgradeCheck = 1230;
				TargetAttributes = {
					317989AF25B9470B003894E0 = {
						CreatedOnToolsVersion = 12.3;
					};
				};
			};
			buildConfigurationList = 317989AB25B9470B003894E0 /* Build configuration list for PBXProject "Pwny" */;
			compatibilityVersion = "Xcode 9.3";
			developmentRegion = en;
			hasScannedForEncodings = 0;
			knownRegions = (
				en,
				Base,
			);
			mainGroup = 317989A725B9470B003894E0;
			productRefGroup = 317989B125B9470B003894E0 /* Products */;
			projectDirPath = "";
			projectReferences = (
				{
					ProductGroup = 31AA371525B9BC76001078EE /* Products */;
					ProjectRef = 31AA371425B9BC76001078EE /* Atributika.xcodeproj */;
				},
			);
			projectRoot = "";
			targets = (
				317989AF25B9470B003894E0 /* Pwny */,
			);
		};
/* End PBXProject section */

/* Begin PBXReferenceProxy section */
		31AA372025B9BC76001078EE /* Atributika.framework */ = {
			isa = PBXReferenceProxy;
			fileType = wrapper.framework;
			path = Atributika.framework;
			remoteRef = 31AA371F25B9BC76001078EE /* PBXContainerItemProxy */;
			sourceTree = BUILT_PRODUCTS_DIR;
		};
		31AA372225B9BC76001078EE /* Atributika.framework */ = {
			isa = PBXReferenceProxy;
			fileType = wrapper.framework;
			path = Atributika.framework;
			remoteRef = 31AA372125B9BC76001078EE /* PBXContainerItemProxy */;
			sourceTree = BUILT_PRODUCTS_DIR;
		};
		31AA372425B9BC76001078EE /* Atributika.framework */ = {
			isa = PBXReferenceProxy;
			fileType = wrapper.framework;
			path = Atributika.framework;
			remoteRef = 31AA372325B9BC76001078EE /* PBXContainerItemProxy */;
			sourceTree = BUILT_PRODUCTS_DIR;
		};
		31AA372625B9BC76001078EE /* Atributika.framework */ = {
			isa = PBXReferenceProxy;
			fileType = wrapper.framework;
			path = Atributika.framework;
			remoteRef = 31AA372525B9BC76001078EE /* PBXContainerItemProxy */;
			sourceTree = BUILT_PRODUCTS_DIR;
		};
		31AA372825B9BC76001078EE /* Atributika-iOS Tests.xctest */ = {
			isa = PBXReferenceProxy;
			fileType = wrapper.cfbundle;
			path = "Atributika-iOS Tests.xctest";
			remoteRef = 31AA372725B9BC76001078EE /* PBXContainerItemProxy */;
			sourceTree = BUILT_PRODUCTS_DIR;
		};
		31AA372A25B9BC76001078EE /* Atributika-macOS Tests.xctest */ = {
			isa = PBXReferenceProxy;
			fileType = wrapper.cfbundle;
			path = "Atributika-macOS Tests.xctest";
			remoteRef = 31AA372925B9BC76001078EE /* PBXContainerItemProxy */;
			sourceTree = BUILT_PRODUCTS_DIR;
		};
		31AA372C25B9BC76001078EE /* Atributika-tvOS Tests.xctest */ = {
			isa = PBXReferenceProxy;
			fileType = wrapper.cfbundle;
			path = "Atributika-tvOS Tests.xctest";
			remoteRef = 31AA372B25B9BC76001078EE /* PBXContainerItemProxy */;
			sourceTree = BUILT_PRODUCTS_DIR;
		};
		31AA372E25B9BC76001078EE /* Demo.app */ = {
			isa = PBXReferenceProxy;
			fileType = wrapper.application;
			path = Demo.app;
			remoteRef = 31AA372D25B9BC76001078EE /* PBXContainerItemProxy */;
			sourceTree = BUILT_PRODUCTS_DIR;
		};
/* End PBXReferenceProxy section */

/* Begin PBXResourcesBuildPhase section */
		317989AE25B9470B003894E0 /* Resources */ = {
			isa = PBXResourcesBuildPhase;
			buildActionMask = 2147483647;
			files = (
				317989BB25B94712003894E0 /* Preview Assets.xcassets in Resources */,
				317989B825B94712003894E0 /* Assets.xcassets in Resources */,
			);
			runOnlyForDeploymentPostprocessing = 0;
		};
/* End PBXResourcesBuildPhase section */

/* Begin PBXShellScriptBuildPhase section */
		8213F64FF2D335B4F18C5014 /* [CP] Check Pods Manifest.lock */ = {
			isa = PBXShellScriptBuildPhase;
			buildActionMask = 2147483647;
			files = (
			);
			inputFileListPaths = (
			);
			inputPaths = (
				"${PODS_PODFILE_DIR_PATH}/Podfile.lock",
				"${PODS_ROOT}/Manifest.lock",
			);
			name = "[CP] Check Pods Manifest.lock";
			outputFileListPaths = (
			);
			outputPaths = (
				"$(DERIVED_FILE_DIR)/Pods-Pwny-checkManifestLockResult.txt",
			);
			runOnlyForDeploymentPostprocessing = 0;
			shellPath = /bin/sh;
			shellScript = "diff \"${PODS_PODFILE_DIR_PATH}/Podfile.lock\" \"${PODS_ROOT}/Manifest.lock\" > /dev/null\nif [ $? != 0 ] ; then\n    # print error to STDERR\n    echo \"error: The sandbox is not in sync with the Podfile.lock. Run 'pod install' or update your CocoaPods installation.\" >&2\n    exit 1\nfi\n# This output is used by Xcode 'outputs' to avoid re-running this script phase.\necho \"SUCCESS\" > \"${SCRIPT_OUTPUT_FILE_0}\"\n";
			showEnvVarsInLog = 0;
		};
/* End PBXShellScriptBuildPhase section */

/* Begin PBXSourcesBuildPhase section */
		317989AC25B9470B003894E0 /* Sources */ = {
			isa = PBXSourcesBuildPhase;
			buildActionMask = 2147483647;
			files = (
				311B14F025B98E2E005AA457 /* ImageCache.swift in Sources */,
				31AA375825B9EE19001078EE /* PasteCard.swift in Sources */,
				31AA373B25B9C455001078EE /* BackgroundBlurView.swift in Sources */,
				311B14E425B97A56005AA457 /* Breach.swift in Sources */,
				31AA376225BA1C79001078EE /* PasswordResultView.swift in Sources */,
				31AA377B25BA4244001078EE /* HIBPQueryManager.swift in Sources */,
				31AA373D25B9CF17001078EE /* PassHashResult.swift in Sources */,
				31AA375E25BA0FE7001078EE /* PillButton.swift in Sources */,
				317989CC25B947F2003894E0 /* AccountHackView.swift in Sources */,
				31AA373525B9BD47001078EE /* AttributedLabelWrapper.swift in Sources */,
				317989CF25B947FD003894E0 /* PasswordHackView.swift in Sources */,
				311B14F325B993E4005AA457 /* ImageLoader.swift in Sources */,
				31AA376D25BA3D8D001078EE /* APIKEY.swift in Sources */,
				311B14E725B97B43005AA457 /* BreachCache.swift in Sources */,
				311B14F625B9946F005AA457 /* URLImage.swift in Sources */,
				31AA376025BA1580001078EE /* InfoCard.swift in Sources */,
				311B14DE25B94E8D005AA457 /* RimmedRectButton.swift in Sources */,
				317989B425B9470B003894E0 /* PwnyApp.swift in Sources */,
				31AA376425BA2299001078EE /* NetworkErrorView.swift in Sources */,
				311B14EA25B97C63005AA457 /* FoundBreachesView.swift in Sources */,
				31AA375A25B9F104001078EE /* FoundPastesView.swift in Sources */,
				31AA370625B99E08001078EE /* AllBreachesView.swift in Sources */,
				317989C925B94748003894E0 /* HomeView.swift in Sources */,
				311B14ED25B98150005AA457 /* BreachCard.swift in Sources */,
				31AA375425B9E265001078EE /* Utils.swift in Sources */,
				31AA375625B9EA57001078EE /* PasteCache.swift in Sources */,
				31AA378125BAAB54001078EE /* HIBPAttributionView.swift in Sources */,
				317989C025B94712003894E0 /* Pwny.xcdatamodeld in Sources */,
				31AA375C25BA0B8D001078EE /* ExplainerView.swift in Sources */,
				31AA370A25B9A264001078EE /* BreachView.swift in Sources */,
				31AA373F25B9E1F1001078EE /* Paste.swift in Sources */,
			);
			runOnlyForDeploymentPostprocessing = 0;
		};
/* End PBXSourcesBuildPhase section */

/* Begin XCBuildConfiguration section */
		317989C225B94712003894E0 /* Debug */ = {
			isa = XCBuildConfiguration;
			buildSettings = {
				ALWAYS_SEARCH_USER_PATHS = NO;
				CLANG_ANALYZER_NONNULL = YES;
				CLANG_ANALYZER_NUMBER_OBJECT_CONVERSION = YES_AGGRESSIVE;
				CLANG_CXX_LANGUAGE_STANDARD = "gnu++14";
				CLANG_CXX_LIBRARY = "libc++";
				CLANG_ENABLE_MODULES = YES;
				CLANG_ENABLE_OBJC_ARC = YES;
				CLANG_ENABLE_OBJC_WEAK = YES;
				CLANG_WARN_BLOCK_CAPTURE_AUTORELEASING = YES;
				CLANG_WARN_BOOL_CONVERSION = YES;
				CLANG_WARN_COMMA = YES;
				CLANG_WARN_CONSTANT_CONVERSION = YES;
				CLANG_WARN_DEPRECATED_OBJC_IMPLEMENTATIONS = YES;
				CLANG_WARN_DIRECT_OBJC_ISA_USAGE = YES_ERROR;
				CLANG_WARN_DOCUMENTATION_COMMENTS = YES;
				CLANG_WARN_EMPTY_BODY = YES;
				CLANG_WARN_ENUM_CONVERSION = YES;
				CLANG_WARN_INFINITE_RECURSION = YES;
				CLANG_WARN_INT_CONVERSION = YES;
				CLANG_WARN_NON_LITERAL_NULL_CONVERSION = YES;
				CLANG_WARN_OBJC_IMPLICIT_RETAIN_SELF = YES;
				CLANG_WARN_OBJC_LITERAL_CONVERSION = YES;
				CLANG_WARN_OBJC_ROOT_CLASS = YES_ERROR;
				CLANG_WARN_QUOTED_INCLUDE_IN_FRAMEWORK_HEADER = YES;
				CLANG_WARN_RANGE_LOOP_ANALYSIS = YES;
				CLANG_WARN_STRICT_PROTOTYPES = YES;
				CLANG_WARN_SUSPICIOUS_MOVE = YES;
				CLANG_WARN_UNGUARDED_AVAILABILITY = YES_AGGRESSIVE;
				CLANG_WARN_UNREACHABLE_CODE = YES;
				CLANG_WARN__DUPLICATE_METHOD_MATCH = YES;
				COPY_PHASE_STRIP = NO;
				DEBUG_INFORMATION_FORMAT = dwarf;
				ENABLE_STRICT_OBJC_MSGSEND = YES;
				ENABLE_TESTABILITY = YES;
				GCC_C_LANGUAGE_STANDARD = gnu11;
				GCC_DYNAMIC_NO_PIC = NO;
				GCC_NO_COMMON_BLOCKS = YES;
				GCC_OPTIMIZATION_LEVEL = 0;
				GCC_PREPROCESSOR_DEFINITIONS = (
					"DEBUG=1",
					"$(inherited)",
				);
				GCC_WARN_64_TO_32_BIT_CONVERSION = YES;
				GCC_WARN_ABOUT_RETURN_TYPE = YES_ERROR;
				GCC_WARN_UNDECLARED_SELECTOR = YES;
				GCC_WARN_UNINITIALIZED_AUTOS = YES_AGGRESSIVE;
				GCC_WARN_UNUSED_FUNCTION = YES;
				GCC_WARN_UNUSED_VARIABLE = YES;
				IPHONEOS_DEPLOYMENT_TARGET = 14.3;
				MTL_ENABLE_DEBUG_INFO = INCLUDE_SOURCE;
				MTL_FAST_MATH = YES;
				ONLY_ACTIVE_ARCH = YES;
				SDKROOT = iphoneos;
				SWIFT_ACTIVE_COMPILATION_CONDITIONS = DEBUG;
				SWIFT_OPTIMIZATION_LEVEL = "-Onone";
			};
			name = Debug;
		};
		317989C325B94712003894E0 /* Release */ = {
			isa = XCBuildConfiguration;
			buildSettings = {
				ALWAYS_SEARCH_USER_PATHS = NO;
				CLANG_ANALYZER_NONNULL = YES;
				CLANG_ANALYZER_NUMBER_OBJECT_CONVERSION = YES_AGGRESSIVE;
				CLANG_CXX_LANGUAGE_STANDARD = "gnu++14";
				CLANG_CXX_LIBRARY = "libc++";
				CLANG_ENABLE_MODULES = YES;
				CLANG_ENABLE_OBJC_ARC = YES;
				CLANG_ENABLE_OBJC_WEAK = YES;
				CLANG_WARN_BLOCK_CAPTURE_AUTORELEASING = YES;
				CLANG_WARN_BOOL_CONVERSION = YES;
				CLANG_WARN_COMMA = YES;
				CLANG_WARN_CONSTANT_CONVERSION = YES;
				CLANG_WARN_DEPRECATED_OBJC_IMPLEMENTATIONS = YES;
				CLANG_WARN_DIRECT_OBJC_ISA_USAGE = YES_ERROR;
				CLANG_WARN_DOCUMENTATION_COMMENTS = YES;
				CLANG_WARN_EMPTY_BODY = YES;
				CLANG_WARN_ENUM_CONVERSION = YES;
				CLANG_WARN_INFINITE_RECURSION = YES;
				CLANG_WARN_INT_CONVERSION = YES;
				CLANG_WARN_NON_LITERAL_NULL_CONVERSION = YES;
				CLANG_WARN_OBJC_IMPLICIT_RETAIN_SELF = YES;
				CLANG_WARN_OBJC_LITERAL_CONVERSION = YES;
				CLANG_WARN_OBJC_ROOT_CLASS = YES_ERROR;
				CLANG_WARN_QUOTED_INCLUDE_IN_FRAMEWORK_HEADER = YES;
				CLANG_WARN_RANGE_LOOP_ANALYSIS = YES;
				CLANG_WARN_STRICT_PROTOTYPES = YES;
				CLANG_WARN_SUSPICIOUS_MOVE = YES;
				CLANG_WARN_UNGUARDED_AVAILABILITY = YES_AGGRESSIVE;
				CLANG_WARN_UNREACHABLE_CODE = YES;
				CLANG_WARN__DUPLICATE_METHOD_MATCH = YES;
				COPY_PHASE_STRIP = NO;
				DEBUG_INFORMATION_FORMAT = "dwarf-with-dsym";
				ENABLE_NS_ASSERTIONS = NO;
				ENABLE_STRICT_OBJC_MSGSEND = YES;
				GCC_C_LANGUAGE_STANDARD = gnu11;
				GCC_NO_COMMON_BLOCKS = YES;
				GCC_WARN_64_TO_32_BIT_CONVERSION = YES;
				GCC_WARN_ABOUT_RETURN_TYPE = YES_ERROR;
				GCC_WARN_UNDECLARED_SELECTOR = YES;
				GCC_WARN_UNINITIALIZED_AUTOS = YES_AGGRESSIVE;
				GCC_WARN_UNUSED_FUNCTION = YES;
				GCC_WARN_UNUSED_VARIABLE = YES;
				IPHONEOS_DEPLOYMENT_TARGET = 14.3;
				MTL_ENABLE_DEBUG_INFO = NO;
				MTL_FAST_MATH = YES;
				SDKROOT = iphoneos;
				SWIFT_COMPILATION_MODE = wholemodule;
				SWIFT_OPTIMIZATION_LEVEL = "-O";
				VALIDATE_PRODUCT = YES;
			};
			name = Release;
		};
		317989C525B94712003894E0 /* Debug */ = {
			isa = XCBuildConfiguration;
			baseConfigurationReference = F361E52F28192FF7F1D0EF06 /* Pods-Pwny.debug.xcconfig */;
			buildSettings = {
				ASSETCATALOG_COMPILER_APPICON_NAME = AppIcon;
				ASSETCATALOG_COMPILER_GLOBAL_ACCENT_COLOR_NAME = AccentColor;
				CODE_SIGN_STYLE = Automatic;
				CURRENT_PROJECT_VERSION = 2;
				DEVELOPMENT_ASSET_PATHS = "\"Pwny/Preview Content\"";
				DEVELOPMENT_TEAM = 689VW8C66T;
				ENABLE_PREVIEWS = YES;
				INFOPLIST_FILE = Pwny/Info.plist;
				IPHONEOS_DEPLOYMENT_TARGET = 14.0;
				LD_RUNPATH_SEARCH_PATHS = (
					"$(inherited)",
					"@executable_path/Frameworks",
				);
				PRODUCT_BUNDLE_IDENTIFIER = net.tarrouye.Pwny;
				PRODUCT_NAME = "$(TARGET_NAME)";
				SWIFT_VERSION = 5.0;
				TARGETED_DEVICE_FAMILY = "1,2";
			};
			name = Debug;
		};
		317989C625B94712003894E0 /* Release */ = {
			isa = XCBuildConfiguration;
			baseConfigurationReference = 71835F1FD677B3795D9F52C1 /* Pods-Pwny.release.xcconfig */;
			buildSettings = {
				ASSETCATALOG_COMPILER_APPICON_NAME = AppIcon;
				ASSETCATALOG_COMPILER_GLOBAL_ACCENT_COLOR_NAME = AccentColor;
				CODE_SIGN_STYLE = Automatic;
				CURRENT_PROJECT_VERSION = 2;
				DEVELOPMENT_ASSET_PATHS = "\"Pwny/Preview Content\"";
				DEVELOPMENT_TEAM = 689VW8C66T;
				ENABLE_PREVIEWS = YES;
				INFOPLIST_FILE = Pwny/Info.plist;
				IPHONEOS_DEPLOYMENT_TARGET = 14.0;
				LD_RUNPATH_SEARCH_PATHS = (
					"$(inherited)",
					"@executable_path/Frameworks",
				);
				PRODUCT_BUNDLE_IDENTIFIER = net.tarrouye.Pwny;
				PRODUCT_NAME = "$(TARGET_NAME)";
				SWIFT_VERSION = 5.0;
				TARGETED_DEVICE_FAMILY = "1,2";
			};
			name = Release;
		};
/* End XCBuildConfiguration section */

/* Begin XCConfigurationList section */
		317989AB25B9470B003894E0 /* Build configuration list for PBXProject "Pwny" */ = {
			isa = XCConfigurationList;
			buildConfigurations = (
				317989C225B94712003894E0 /* Debug */,
				317989C325B94712003894E0 /* Release */,
			);
			defaultConfigurationIsVisible = 0;
			defaultConfigurationName = Release;
		};
		317989C425B94712003894E0 /* Build configuration list for PBXNativeTarget "Pwny" */ = {
			isa = XCConfigurationList;
			buildConfigurations = (
				317989C525B94712003894E0 /* Debug */,
				317989C625B94712003894E0 /* Release */,
			);
			defaultConfigurationIsVisible = 0;
			defaultConfigurationName = Release;
		};
/* End XCConfigurationList section */

/* Begin XCVersionGroup section */
		317989BE25B94712003894E0 /* Pwny.xcdatamodeld */ = {
			isa = XCVersionGroup;
			children = (
				317989BF25B94712003894E0 /* Pwny.xcdatamodel */,
			);
			currentVersion = 317989BF25B94712003894E0 /* Pwny.xcdatamodel */;
			path = Pwny.xcdatamodeld;
			sourceTree = "<group>";
			versionGroupType = wrapper.xcdatamodel;
		};
/* End XCVersionGroup section */
	};
	rootObject = 317989A825B9470B003894E0 /* Project object */;
}
